
Microsoft Visual Studio Solution File, Format Version 12.00
# Visual Studio Version 17
VisualStudioVersion = 17.7.34003.232
MinimumVisualStudioVersion = 10.0.40219.1
Project("{FAE04EC0-301F-11D3-BF4B-00C04F79EFBC}") = "AssignmentSeven", "AssignmentSeven.csproj", "{A5F49E7F-C9BB-465A-8305-CDE9EEACD319}"
EndProject
Global
	GlobalSection(SolutionConfigurationPlatforms) = preSolution
		Debug|Any CPU = Debug|Any CPU
		Release|Any CPU = Release|Any CPU
	EndGlobalSection
	GlobalSection(ProjectConfigurationPlatforms) = postSolution
		{A5F49E7F-C9BB-465A-8305-CDE9EEACD319}.Debug|Any CPU.ActiveCfg = Debug|Any CPU
		{A5F49E7F-C9BB-465A-8305-CDE9EEACD319}.Debug|Any CPU.Build.0 = Debug|Any CPU
		{A5F49E7F-C9BB-465A-8305-CDE9EEACD319}.Release|Any CPU.ActiveCfg = Release|Any CPU
		{A5F49E7F-C9BB-465A-8305-CDE9EEACD319}.Release|Any CPU.Build.0 = Release|Any CPU
	EndGlobalSection
	GlobalSection(SolutionProperties) = preSolution
		HideSolutionNode = FALSE
	EndGlobalSection
	GlobalSection(ExtensibilityGlobals) = postSolution
		SolutionGuid = {22A7FA75-03D5-46AA-8911-690A94ACE8A5}
	EndGlobalSection
EndGlobal
