
Microsoft Visual Studio Solution File, Format Version 12.00
# Visual Studio Version 17
VisualStudioVersion = 17.7.34003.232
MinimumVisualStudioVersion = 10.0.40219.1
Project("{FAE04EC0-301F-11D3-BF4B-00C04F79EFBC}") = "ChatClient", "ChatClient.csproj", "{56B6890B-D76F-45F8-B366-77EB5749F836}"
EndProject
Global
	GlobalSection(SolutionConfigurationPlatforms) = preSolution
		Debug|Any CPU = Debug|Any CPU
		Release|Any CPU = Release|Any CPU
	EndGlobalSection
	GlobalSection(ProjectConfigurationPlatforms) = postSolution
		{56B6890B-D76F-45F8-B366-77EB5749F836}.Debug|Any CPU.ActiveCfg = Debug|Any CPU
		{56B6890B-D76F-45F8-B366-77EB5749F836}.Debug|Any CPU.Build.0 = Debug|Any CPU
		{56B6890B-D76F-45F8-B366-77EB5749F836}.Release|Any CPU.ActiveCfg = Release|Any CPU
		{56B6890B-D76F-45F8-B366-77EB5749F836}.Release|Any CPU.Build.0 = Release|Any CPU
	EndGlobalSection
	GlobalSection(SolutionProperties) = preSolution
		HideSolutionNode = FALSE
	EndGlobalSection
	GlobalSection(ExtensibilityGlobals) = postSolution
		SolutionGuid = {1A08F2C7-9124-491A-98CD-1BED01D2AEB4}
	EndGlobalSection
EndGlobal
